
Microsoft Visual Studio Solution File, Format Version 12.00
# Visual Studio Version 16
VisualStudioVersion = 16.0.31729.503
MinimumVisualStudioVersion = 10.0.40219.1
Project("{FAE04EC0-301F-11D3-BF4B-00C04F79EFBC}") = "ExModelBinding", "ExModelBinding\ExModelBinding.csproj", "{01F5356E-CF00-4B35-BB31-071B19A83225}"
EndProject
Global
	GlobalSection(SolutionConfigurationPlatforms) = preSolution
		Debug|Any CPU = Debug|Any CPU
		Release|Any CPU = Release|Any CPU
	EndGlobalSection
	GlobalSection(ProjectConfigurationPlatforms) = postSolution
		{01F5356E-CF00-4B35-BB31-071B19A83225}.Debug|Any CPU.ActiveCfg = Debug|Any CPU
		{01F5356E-CF00-4B35-BB31-071B19A83225}.Debug|Any CPU.Build.0 = Debug|Any CPU
		{01F5356E-CF00-4B35-BB31-071B19A83225}.Release|Any CPU.ActiveCfg = Release|Any CPU
		{01F5356E-CF00-4B35-BB31-071B19A83225}.Release|Any CPU.Build.0 = Release|Any CPU
	EndGlobalSection
	GlobalSection(SolutionProperties) = preSolution
		HideSolutionNode = FALSE
	EndGlobalSection
	GlobalSection(ExtensibilityGlobals) = postSolution
		SolutionGuid = {6349E830-E35E-41D2-A3F2-CE0E8B44D55B}
	EndGlobalSection
EndGlobal
